// !$*UTF8*$!
{
	archiveVersion = 1;
	classes = {
	};
	objectVersion = 56;
	objects = {

/* Begin PBXBuildFile section */
		9355794C2B6C421700534699 /* AddTodoView.swift in Sources */ = {isa = PBXBuildFile; fileRef = 9355794B2B6C421700534699 /* AddTodoView.swift */; };
		9383A87D2B6C37350020C7CE /* TodoApp.swift in Sources */ = {isa = PBXBuildFile; fileRef = 9383A87C2B6C37350020C7CE /* TodoApp.swift */; };
		9383A87F2B6C37350020C7CE /* ContentView.swift in Sources */ = {isa = PBXBuildFile; fileRef = 9383A87E2B6C37350020C7CE /* ContentView.swift */; };
		9383A8812B6C37370020C7CE /* Assets.xcassets in Resources */ = {isa = PBXBuildFile; fileRef = 9383A8802B6C37370020C7CE /* Assets.xcassets */; };
		9383A8842B6C37370020C7CE /* Preview Assets.xcassets in Resources */ = {isa = PBXBuildFile; fileRef = 9383A8832B6C37370020C7CE /* Preview Assets.xcassets */; };
		9383A88E2B6C37370020C7CE /* TodoTests.swift in Sources */ = {isa = PBXBuildFile; fileRef = 9383A88D2B6C37370020C7CE /* TodoTests.swift */; };
		9383A8982B6C37370020C7CE /* TodoUITests.swift in Sources */ = {isa = PBXBuildFile; fileRef = 9383A8972B6C37370020C7CE /* TodoUITests.swift */; };
		9383A89A2B6C37370020C7CE /* TodoUITestsLaunchTests.swift in Sources */ = {isa = PBXBuildFile; fileRef = 9383A8992B6C37370020C7CE /* TodoUITestsLaunchTests.swift */; };
		9383A8A82B6C37620020C7CE /* TodoListView.swift in Sources */ = {isa = PBXBuildFile; fileRef = 9383A8A72B6C37620020C7CE /* TodoListView.swift */; };
		9383A8AB2B6C38050020C7CE /* Todo.swift in Sources */ = {isa = PBXBuildFile; fileRef = 9383A8AA2B6C38050020C7CE /* Todo.swift */; };
/* End PBXBuildFile section */

/* Begin PBXContainerItemProxy section */
		9383A88A2B6C37370020C7CE /* PBXContainerItemProxy */ = {
			isa = PBXContainerItemProxy;
			containerPortal = 9383A8712B6C37350020C7CE /* Project object */;
			proxyType = 1;
			remoteGlobalIDString = 9383A8782B6C37350020C7CE;
			remoteInfo = Todo;
		};
		9383A8942B6C37370020C7CE /* PBXContainerItemProxy */ = {
			isa = PBXContainerItemProxy;
			containerPortal = 9383A8712B6C37350020C7CE /* Project object */;
			proxyType = 1;
			remoteGlobalIDString = 9383A8782B6C37350020C7CE;
			remoteInfo = Todo;
		};
/* End PBXContainerItemProxy section */

/* Begin PBXFileReference section */
		9355794B2B6C421700534699 /* AddTodoView.swift */ = {isa = PBXFileReference; lastKnownFileType = sourcecode.swift; path = AddTodoView.swift; sourceTree = "<group>"; };
		9383A8792B6C37350020C7CE /* Todo.app */ = {isa = PBXFileReference; explicitFileType = wrapper.application; includeInIndex = 0; path = Todo.app; sourceTree = BUILT_PRODUCTS_DIR; };
		9383A87C2B6C37350020C7CE /* TodoApp.swift */ = {isa = PBXFileReference; lastKnownFileType = sourcecode.swift; path = TodoApp.swift; sourceTree = "<group>"; };
		9383A87E2B6C37350020C7CE /* ContentView.swift */ = {isa = PBXFileReference; lastKnownFileType = sourcecode.swift; path = ContentView.swift; sourceTree = "<group>"; };
		9383A8802B6C37370020C7CE /* Assets.xcassets */ = {isa = PBXFileReference; lastKnownFileType = folder.assetcatalog; path = Assets.xcassets; sourceTree = "<group>"; };
		9383A8832B6C37370020C7CE /* Preview Assets.xcassets */ = {isa = PBXFileReference; lastKnownFileType = folder.assetcatalog; path = "Preview Assets.xcassets"; sourceTree = "<group>"; };
		9383A8892B6C37370020C7CE /* TodoTests.xctest */ = {isa = PBXFileReference; explicitFileType = wrapper.cfbundle; includeInIndex = 0; path = TodoTests.xctest; sourceTree = BUILT_PRODUCTS_DIR; };
		9383A88D2B6C37370020C7CE /* TodoTests.swift */ = {isa = PBXFileReference; lastKnownFileType = sourcecode.swift; path = TodoTests.swift; sourceTree = "<group>"; };
		9383A8932B6C37370020C7CE /* TodoUITests.xctest */ = {isa = PBXFileReference; explicitFileType = wrapper.cfbundle; includeInIndex = 0; path = TodoUITests.xctest; sourceTree = BUILT_PRODUCTS_DIR; };
		9383A8972B6C37370020C7CE /* TodoUITests.swift */ = {isa = PBXFileReference; lastKnownFileType = sourcecode.swift; path = TodoUITests.swift; sourceTree = "<group>"; };
		9383A8992B6C37370020C7CE /* TodoUITestsLaunchTests.swift */ = {isa = PBXFileReference; lastKnownFileType = sourcecode.swift; path = TodoUITestsLaunchTests.swift; sourceTree = "<group>"; };
		9383A8A72B6C37620020C7CE /* TodoListView.swift */ = {isa = PBXFileReference; lastKnownFileType = sourcecode.swift; path = TodoListView.swift; sourceTree = "<group>"; };
		9383A8AA2B6C38050020C7CE /* Todo.swift */ = {isa = PBXFileReference; lastKnownFileType = sourcecode.swift; path = Todo.swift; sourceTree = "<group>"; };
/* End PBXFileReference section */

/* Begin PBXFrameworksBuildPhase section */
		9383A8762B6C37350020C7CE /* Frameworks */ = {
			isa = PBXFrameworksBuildPhase;
			buildActionMask = 2147483647;
			files = (
			);
			runOnlyForDeploymentPostprocessing = 0;
		};
		9383A8862B6C37370020C7CE /* Frameworks */ = {
			isa = PBXFrameworksBuildPhase;
			buildActionMask = 2147483647;
			files = (
			);
			runOnlyForDeploymentPostprocessing = 0;
		};
		9383A8902B6C37370020C7CE /* Frameworks */ = {
			isa = PBXFrameworksBuildPhase;
			buildActionMask = 2147483647;
			files = (
			);
			runOnlyForDeploymentPostprocessing = 0;
		};
/* End PBXFrameworksBuildPhase section */

/* Begin PBXGroup section */
		9383A8702B6C37350020C7CE = {
			isa = PBXGroup;
			children = (
				9383A87B2B6C37350020C7CE /* Todo */,
				9383A88C2B6C37370020C7CE /* TodoTests */,
				9383A8962B6C37370020C7CE /* TodoUITests */,
				9383A87A2B6C37350020C7CE /* Products */,
			);
			sourceTree = "<group>";
		};
		9383A87A2B6C37350020C7CE /* Products */ = {
			isa = PBXGroup;
			children = (
				9383A8792B6C37350020C7CE /* Todo.app */,
				9383A8892B6C37370020C7CE /* TodoTests.xctest */,
				9383A8932B6C37370020C7CE /* TodoUITests.xctest */,
			);
			name = Products;
			sourceTree = "<group>";
		};
		9383A87B2B6C37350020C7CE /* Todo */ = {
			isa = PBXGroup;
			children = (
				9383A8A92B6C37F10020C7CE /* Models */,
				9383A8A62B6C37540020C7CE /* Views */,
				9383A87C2B6C37350020C7CE /* TodoApp.swift */,
				9383A87E2B6C37350020C7CE /* ContentView.swift */,
				9383A8802B6C37370020C7CE /* Assets.xcassets */,
				9383A8822B6C37370020C7CE /* Preview Content */,
			);
			path = Todo;
			sourceTree = "<group>";
		};
		9383A8822B6C37370020C7CE /* Preview Content */ = {
			isa = PBXGroup;
			children = (
				9383A8832B6C37370020C7CE /* Preview Assets.xcassets */,
			);
			path = "Preview Content";
			sourceTree = "<group>";
		};
		9383A88C2B6C37370020C7CE /* TodoTests */ = {
			isa = PBXGroup;
			children = (
				9383A88D2B6C37370020C7CE /* TodoTests.swift */,
			);
			path = TodoTests;
			sourceTree = "<group>";
		};
		9383A8962B6C37370020C7CE /* TodoUITests */ = {
			isa = PBXGroup;
			children = (
				9383A8972B6C37370020C7CE /* TodoUITests.swift */,
				9383A8992B6C37370020C7CE /* TodoUITestsLaunchTests.swift */,
			);
			path = TodoUITests;
			sourceTree = "<group>";
		};
		9383A8A62B6C37540020C7CE /* Views */ = {
			isa = PBXGroup;
			children = (
				9383A8A72B6C37620020C7CE /* TodoListView.swift */,
				9355794B2B6C421700534699 /* AddTodoView.swift */,
			);
			path = Views;
			sourceTree = "<group>";
		};
		9383A8A92B6C37F10020C7CE /* Models */ = {
			isa = PBXGroup;
			children = (
				9383A8AA2B6C38050020C7CE /* Todo.swift */,
			);
			path = Models;
			sourceTree = "<group>";
		};
/* End PBXGroup section */

/* Begin PBXNativeTarget section */
		9383A8782B6C37350020C7CE /* Todo */ = {
			isa = PBXNativeTarget;
			buildConfigurationList = 9383A89D2B6C37370020C7CE /* Build configuration list for PBXNativeTarget "Todo" */;
			buildPhases = (
				9383A8752B6C37350020C7CE /* Sources */,
				9383A8762B6C37350020C7CE /* Frameworks */,
				9383A8772B6C37350020C7CE /* Resources */,
			);
			buildRules = (
			);
			dependencies = (
			);
			name = Todo;
			productName = Todo;
			productReference = 9383A8792B6C37350020C7CE /* Todo.app */;
			productType = "com.apple.product-type.application";
		};
		9383A8882B6C37370020C7CE /* TodoTests */ = {
			isa = PBXNativeTarget;
			buildConfigurationList = 9383A8A02B6C37370020C7CE /* Build configuration list for PBXNativeTarget "TodoTests" */;
			buildPhases = (
				9383A8852B6C37370020C7CE /* Sources */,
				9383A8862B6C37370020C7CE /* Frameworks */,
				9383A8872B6C37370020C7CE /* Resources */,
			);
			buildRules = (
			);
			dependencies = (
				9383A88B2B6C37370020C7CE /* PBXTargetDependency */,
			);
			name = TodoTests;
			productName = TodoTests;
			productReference = 9383A8892B6C37370020C7CE /* TodoTests.xctest */;
			productType = "com.apple.product-type.bundle.unit-test";
		};
		9383A8922B6C37370020C7CE /* TodoUITests */ = {
			isa = PBXNativeTarget;
			buildConfigurationList = 9383A8A32B6C37370020C7CE /* Build configuration list for PBXNativeTarget "TodoUITests" */;
			buildPhases = (
				9383A88F2B6C37370020C7CE /* Sources */,
				9383A8902B6C37370020C7CE /* Frameworks */,
				9383A8912B6C37370020C7CE /* Resources */,
			);
			buildRules = (
			);
			dependencies = (
				9383A8952B6C37370020C7CE /* PBXTargetDependency */,
			);
			name = TodoUITests;
			productName = TodoUITests;
			productReference = 9383A8932B6C37370020C7CE /* TodoUITests.xctest */;
			productType = "com.apple.product-type.bundle.ui-testing";
		};
/* End PBXNativeTarget section */

/* Begin PBXProject section */
		9383A8712B6C37350020C7CE /* Project object */ = {
			isa = PBXProject;
			attributes = {
				BuildIndependentTargetsInParallel = 1;
				LastSwiftUpdateCheck = 1520;
				LastUpgradeCheck = 1520;
				TargetAttributes = {
					9383A8782B6C37350020C7CE = {
						CreatedOnToolsVersion = 15.2;
					};
					9383A8882B6C37370020C7CE = {
						CreatedOnToolsVersion = 15.2;
						TestTargetID = 9383A8782B6C37350020C7CE;
					};
					9383A8922B6C37370020C7CE = {
						CreatedOnToolsVersion = 15.2;
						TestTargetID = 9383A8782B6C37350020C7CE;
					};
				};
			};
			buildConfigurationList = 9383A8742B6C37350020C7CE /* Build configuration list for PBXProject "Todo" */;
			compatibilityVersion = "Xcode 14.0";
			developmentRegion = en;
			hasScannedForEncodings = 0;
			knownRegions = (
				en,
				Base,
			);
			mainGroup = 9383A8702B6C37350020C7CE;
			productRefGroup = 9383A87A2B6C37350020C7CE /* Products */;
			projectDirPath = "";
			projectRoot = "";
			targets = (
				9383A8782B6C37350020C7CE /* Todo */,
				9383A8882B6C37370020C7CE /* TodoTests */,
				9383A8922B6C37370020C7CE /* TodoUITests */,
			);
		};
/* End PBXProject section */

/* Begin PBXResourcesBuildPhase section */
		9383A8772B6C37350020C7CE /* Resources */ = {
			isa = PBXResourcesBuildPhase;
			buildActionMask = 2147483647;
			files = (
				9383A8842B6C37370020C7CE /* Preview Assets.xcassets in Resources */,
				9383A8812B6C37370020C7CE /* Assets.xcassets in Resources */,
			);
			runOnlyForDeploymentPostprocessing = 0;
		};
		9383A8872B6C37370020C7CE /* Resources */ = {
			isa = PBXResourcesBuildPhase;
			buildActionMask = 2147483647;
			files = (
			);
			runOnlyForDeploymentPostprocessing = 0;
		};
		9383A8912B6C37370020C7CE /* Resources */ = {
			isa = PBXResourcesBuildPhase;
			buildActionMask = 2147483647;
			files = (
			);
			runOnlyForDeploymentPostprocessing = 0;
		};
/* End PBXResourcesBuildPhase section */

/* Begin PBXSourcesBuildPhase section */
		9383A8752B6C37350020C7CE /* Sources */ = {
			isa = PBXSourcesBuildPhase;
			buildActionMask = 2147483647;
			files = (
				9383A87F2B6C37350020C7CE /* ContentView.swift in Sources */,
				9383A87D2B6C37350020C7CE /* TodoApp.swift in Sources */,
				9383A8A82B6C37620020C7CE /* TodoListView.swift in Sources */,
				9383A8AB2B6C38050020C7CE /* Todo.swift in Sources */,
				9355794C2B6C421700534699 /* AddTodoView.swift in Sources */,
			);
			runOnlyForDeploymentPostprocessing = 0;
		};
		9383A8852B6C37370020C7CE /* Sources */ = {
			isa = PBXSourcesBuildPhase;
			buildActionMask = 2147483647;
			files = (
				9383A88E2B6C37370020C7CE /* TodoTests.swift in Sources */,
			);
			runOnlyForDeploymentPostprocessing = 0;
		};
		9383A88F2B6C37370020C7CE /* Sources */ = {
			isa = PBXSourcesBuildPhase;
			buildActionMask = 2147483647;
			files = (
				9383A89A2B6C37370020C7CE /* TodoUITestsLaunchTests.swift in Sources */,
				9383A8982B6C37370020C7CE /* TodoUITests.swift in Sources */,
			);
			runOnlyForDeploymentPostprocessing = 0;
		};
/* End PBXSourcesBuildPhase section */

/* Begin PBXTargetDependency section */
		9383A88B2B6C37370020C7CE /* PBXTargetDependency */ = {
			isa = PBXTargetDependency;
			target = 9383A8782B6C37350020C7CE /* Todo */;
			targetProxy = 9383A88A2B6C37370020C7CE /* PBXContainerItemProxy */;
		};
		9383A8952B6C37370020C7CE /* PBXTargetDependency */ = {
			isa = PBXTargetDependency;
			target = 9383A8782B6C37350020C7CE /* Todo */;
			targetProxy = 9383A8942B6C37370020C7CE /* PBXContainerItemProxy */;
		};
/* End PBXTargetDependency section */

/* Begin XCBuildConfiguration section */
		9383A89B2B6C37370020C7CE /* Debug */ = {
			isa = XCBuildConfiguration;
			buildSettings = {
				ALWAYS_SEARCH_USER_PATHS = NO;
				ASSETCATALOG_COMPILER_GENERATE_SWIFT_ASSET_SYMBOL_EXTENSIONS = YES;
				CLANG_ANALYZER_NONNULL = YES;
				CLANG_ANALYZER_NUMBER_OBJECT_CONVERSION = YES_AGGRESSIVE;
				CLANG_CXX_LANGUAGE_STANDARD = "gnu++20";
				CLANG_ENABLE_MODULES = YES;
				CLANG_ENABLE_OBJC_ARC = YES;
				CLANG_ENABLE_OBJC_WEAK = YES;
				CLANG_WARN_BLOCK_CAPTURE_AUTORELEASING = YES;
				CLANG_WARN_BOOL_CONVERSION = YES;
				CLANG_WARN_COMMA = YES;
				CLANG_WARN_CONSTANT_CONVERSION = YES;
				CLANG_WARN_DEPRECATED_OBJC_IMPLEMENTATIONS = YES;
				CLANG_WARN_DIRECT_OBJC_ISA_USAGE = YES_ERROR;
				CLANG_WARN_DOCUMENTATION_COMMENTS = YES;
				CLANG_WARN_EMPTY_BODY = YES;
				CLANG_WARN_ENUM_CONVERSION = YES;
				CLANG_WARN_INFINITE_RECURSION = YES;
				CLANG_WARN_INT_CONVERSION = YES;
				CLANG_WARN_NON_LITERAL_NULL_CONVERSION = YES;
				CLANG_WARN_OBJC_IMPLICIT_RETAIN_SELF = YES;
				CLANG_WARN_OBJC_LITERAL_CONVERSION = YES;
				CLANG_WARN_OBJC_ROOT_CLASS = YES_ERROR;
				CLANG_WARN_QUOTED_INCLUDE_IN_FRAMEWORK_HEADER = YES;
				CLANG_WARN_RANGE_LOOP_ANALYSIS = YES;
				CLANG_WARN_STRICT_PROTOTYPES = YES;
				CLANG_WARN_SUSPICIOUS_MOVE = YES;
				CLANG_WARN_UNGUARDED_AVAILABILITY = YES_AGGRESSIVE;
				CLANG_WARN_UNREACHABLE_CODE = YES;
				CLANG_WARN__DUPLICATE_METHOD_MATCH = YES;
				COPY_PHASE_STRIP = NO;
				DEBUG_INFORMATION_FORMAT = dwarf;
				ENABLE_STRICT_OBJC_MSGSEND = YES;
				ENABLE_TESTABILITY = YES;
				ENABLE_USER_SCRIPT_SANDBOXING = YES;
				GCC_C_LANGUAGE_STANDARD = gnu17;
				GCC_DYNAMIC_NO_PIC = NO;
				GCC_NO_COMMON_BLOCKS = YES;
				GCC_OPTIMIZATION_LEVEL = 0;
				GCC_PREPROCESSOR_DEFINITIONS = (
					"DEBUG=1",
					"$(inherited)",
				);
				GCC_WARN_64_TO_32_BIT_CONVERSION = YES;
				GCC_WARN_ABOUT_RETURN_TYPE = YES_ERROR;
				GCC_WARN_UNDECLARED_SELECTOR = YES;
				GCC_WARN_UNINITIALIZED_AUTOS = YES_AGGRESSIVE;
				GCC_WARN_UNUSED_FUNCTION = YES;
				GCC_WARN_UNUSED_VARIABLE = YES;
				IPHONEOS_DEPLOYMENT_TARGET = 17.2;
				LOCALIZATION_PREFERS_STRING_CATALOGS = YES;
				MTL_ENABLE_DEBUG_INFO = INCLUDE_SOURCE;
				MTL_FAST_MATH = YES;
				ONLY_ACTIVE_ARCH = YES;
				SDKROOT = iphoneos;
				SWIFT_ACTIVE_COMPILATION_CONDITIONS = "DEBUG $(inherited)";
				SWIFT_OPTIMIZATION_LEVEL = "-Onone";
			};
			name = Debug;
		};
		9383A89C2B6C37370020C7CE /* Release */ = {
			isa = XCBuildConfiguration;
			buildSettings = {
				ALWAYS_SEARCH_USER_PATHS = NO;
				ASSETCATALOG_COMPILER_GENERATE_SWIFT_ASSET_SYMBOL_EXTENSIONS = YES;
				CLANG_ANALYZER_NONNULL = YES;
				CLANG_ANALYZER_NUMBER_OBJECT_CONVERSION = YES_AGGRESSIVE;
				CLANG_CXX_LANGUAGE_STANDARD = "gnu++20";
				CLANG_ENABLE_MODULES = YES;
				CLANG_ENABLE_OBJC_ARC = YES;
				CLANG_ENABLE_OBJC_WEAK = YES;
				CLANG_WARN_BLOCK_CAPTURE_AUTORELEASING = YES;
				CLANG_WARN_BOOL_CONVERSION = YES;
				CLANG_WARN_COMMA = YES;
				CLANG_WARN_CONSTANT_CONVERSION = YES;
				CLANG_WARN_DEPRECATED_OBJC_IMPLEMENTATIONS = YES;
				CLANG_WARN_DIRECT_OBJC_ISA_USAGE = YES_ERROR;
				CLANG_WARN_DOCUMENTATION_COMMENTS = YES;
				CLANG_WARN_EMPTY_BODY = YES;
				CLANG_WARN_ENUM_CONVERSION = YES;
				CLANG_WARN_INFINITE_RECURSION = YES;
				CLANG_WARN_INT_CONVERSION = YES;
				CLANG_WARN_NON_LITERAL_NULL_CONVERSION = YES;
				CLANG_WARN_OBJC_IMPLICIT_RETAIN_SELF = YES;
				CLANG_WARN_OBJC_LITERAL_CONVERSION = YES;
				CLANG_WARN_OBJC_ROOT_CLASS = YES_ERROR;
				CLANG_WARN_QUOTED_INCLUDE_IN_FRAMEWORK_HEADER = YES;
				CLANG_WARN_RANGE_LOOP_ANALYSIS = YES;
				CLANG_WARN_STRICT_PROTOTYPES = YES;
				CLANG_WARN_SUSPICIOUS_MOVE = YES;
				CLANG_WARN_UNGUARDED_AVAILABILITY = YES_AGGRESSIVE;
				CLANG_WARN_UNREACHABLE_CODE = YES;
				CLANG_WARN__DUPLICATE_METHOD_MATCH = YES;
				COPY_PHASE_STRIP = NO;
				DEBUG_INFORMATION_FORMAT = "dwarf-with-dsym";
				ENABLE_NS_ASSERTIONS = NO;
				ENABLE_STRICT_OBJC_MSGSEND = YES;
				ENABLE_USER_SCRIPT_SANDBOXING = YES;
				GCC_C_LANGUAGE_STANDARD = gnu17;
				GCC_NO_COMMON_BLOCKS = YES;
				GCC_WARN_64_TO_32_BIT_CONVERSION = YES;
				GCC_WARN_ABOUT_RETURN_TYPE = YES_ERROR;
				GCC_WARN_UNDECLARED_SELECTOR = YES;
				GCC_WARN_UNINITIALIZED_AUTOS = YES_AGGRESSIVE;
				GCC_WARN_UNUSED_FUNCTION = YES;
				GCC_WARN_UNUSED_VARIABLE = YES;
				IPHONEOS_DEPLOYMENT_TARGET = 17.2;
				LOCALIZATION_PREFERS_STRING_CATALOGS = YES;
				MTL_ENABLE_DEBUG_INFO = NO;
				MTL_FAST_MATH = YES;
				SDKROOT = iphoneos;
				SWIFT_COMPILATION_MODE = wholemodule;
				VALIDATE_PRODUCT = YES;
			};
			name = Release;
		};
		9383A89E2B6C37370020C7CE /* Debug */ = {
			isa = XCBuildConfiguration;
			buildSettings = {
				ASSETCATALOG_COMPILER_APPICON_NAME = AppIcon;
				ASSETCATALOG_COMPILER_GLOBAL_ACCENT_COLOR_NAME = AccentColor;
				CODE_SIGN_STYLE = Automatic;
				CURRENT_PROJECT_VERSION = 1;
				DEVELOPMENT_ASSET_PATHS = "\"Todo/Preview Content\"";
				ENABLE_PREVIEWS = YES;
				GENERATE_INFOPLIST_FILE = YES;
				INFOPLIST_KEY_UIApplicationSceneManifest_Generation = YES;
				INFOPLIST_KEY_UIApplicationSupportsIndirectInputEvents = YES;
				INFOPLIST_KEY_UILaunchScreen_Generation = YES;
				INFOPLIST_KEY_UISupportedInterfaceOrientations_iPad = "UIInterfaceOrientationPortrait UIInterfaceOrientationPortraitUpsideDown UIInterfaceOrientationLandscapeLeft UIInterfaceOrientationLandscapeRight";
				INFOPLIST_KEY_UISupportedInterfaceOrientations_iPhone = "UIInterfaceOrientationPortrait UIInterfaceOrientationLandscapeLeft UIInterfaceOrientationLandscapeRight";
				LD_RUNPATH_SEARCH_PATHS = (
					"$(inherited)",
					"@executable_path/Frameworks",
				);
				MARKETING_VERSION = 1.0;
				PRODUCT_BUNDLE_IDENTIFIER = com.Todo;
				PRODUCT_NAME = "$(TARGET_NAME)";
				SWIFT_EMIT_LOC_STRINGS = YES;
				SWIFT_VERSION = 5.0;
				TARGETED_DEVICE_FAMILY = "1,2";
			};
			name = Debug;
		};
		9383A89F2B6C37370020C7CE /* Release */ = {
			isa = XCBuildConfiguration;
			buildSettings = {
				ASSETCATALOG_COMPILER_APPICON_NAME = AppIcon;
				ASSETCATALOG_COMPILER_GLOBAL_ACCENT_COLOR_NAME = AccentColor;
				CODE_SIGN_STYLE = Automatic;
				CURRENT_PROJECT_VERSION = 1;
				DEVELOPMENT_ASSET_PATHS = "\"Todo/Preview Content\"";
				ENABLE_PREVIEWS = YES;
				GENERATE_INFOPLIST_FILE = YES;
				INFOPLIST_KEY_UIApplicationSceneManifest_Generation = YES;
				INFOPLIST_KEY_UIApplicationSupportsIndirectInputEvents = YES;
				INFOPLIST_KEY_UILaunchScreen_Generation = YES;
				INFOPLIST_KEY_UISupportedInterfaceOrientations_iPad = "UIInterfaceOrientationPortrait UIInterfaceOrientationPortraitUpsideDown UIInterfaceOrientationLandscapeLeft UIInterfaceOrientationLandscapeRight";
				INFOPLIST_KEY_UISupportedInterfaceOrientations_iPhone = "UIInterfaceOrientationPortrait UIInterfaceOrientationLandscapeLeft UIInterfaceOrientationLandscapeRight";
				LD_RUNPATH_SEARCH_PATHS = (
					"$(inherited)",
					"@executable_path/Frameworks",
				);
				MARKETING_VERSION = 1.0;
				PRODUCT_BUNDLE_IDENTIFIER = com.Todo;
				PRODUCT_NAME = "$(TARGET_NAME)";
				SWIFT_EMIT_LOC_STRINGS = YES;
				SWIFT_VERSION = 5.0;
				TARGETED_DEVICE_FAMILY = "1,2";
			};
			name = Release;
		};
		9383A8A12B6C37370020C7CE /* Debug */ = {
			isa = XCBuildConfiguration;
			buildSettings = {
				ALWAYS_EMBED_SWIFT_STANDARD_LIBRARIES = YES;
				BUNDLE_LOADER = "$(TEST_HOST)";
				CODE_SIGN_STYLE = Automatic;
				CURRENT_PROJECT_VERSION = 1;
				GENERATE_INFOPLIST_FILE = YES;
				IPHONEOS_DEPLOYMENT_TARGET = 17.2;
				MARKETING_VERSION = 1.0;
				PRODUCT_BUNDLE_IDENTIFIER = com.TodoTests;
				PRODUCT_NAME = "$(TARGET_NAME)";
				SWIFT_EMIT_LOC_STRINGS = NO;
				SWIFT_VERSION = 5.0;
				TARGETED_DEVICE_FAMILY = "1,2";
				TEST_HOST = "$(BUILT_PRODUCTS_DIR)/Todo.app/$(BUNDLE_EXECUTABLE_FOLDER_PATH)/Todo";
			};
			name = Debug;
		};
		9383A8A22B6C37370020C7CE /* Release */ = {
			isa = XCBuildConfiguration;
			buildSettings = {
				ALWAYS_EMBED_SWIFT_STANDARD_LIBRARIES = YES;
				BUNDLE_LOADER = "$(TEST_HOST)";
				CODE_SIGN_STYLE = Automatic;
				CURRENT_PROJECT_VERSION = 1;
				GENERATE_INFOPLIST_FILE = YES;
				IPHONEOS_DEPLOYMENT_TARGET = 17.2;
				MARKETING_VERSION = 1.0;
				PRODUCT_BUNDLE_IDENTIFIER = com.TodoTests;
				PRODUCT_NAME = "$(TARGET_NAME)";
				SWIFT_EMIT_LOC_STRINGS = NO;
				SWIFT_VERSION = 5.0;
				TARGETED_DEVICE_FAMILY = "1,2";
				TEST_HOST = "$(BUILT_PRODUCTS_DIR)/Todo.app/$(BUNDLE_EXECUTABLE_FOLDER_PATH)/Todo";
			};
			name = Release;
		};
		9383A8A42B6C37370020C7CE /* Debug */ = {
			isa = XCBuildConfiguration;
			buildSettings = {
				ALWAYS_EMBED_SWIFT_STANDARD_LIBRARIES = YES;
				CODE_SIGN_STYLE = Automatic;
				CURRENT_PROJECT_VERSION = 1;
				GENERATE_INFOPLIST_FILE = YES;
				MARKETING_VERSION = 1.0;
				PRODUCT_BUNDLE_IDENTIFIER = com.TodoUITests;
				PRODUCT_NAME = "$(TARGET_NAME)";
				SWIFT_EMIT_LOC_STRINGS = NO;
				SWIFT_VERSION = 5.0;
				TARGETED_DEVICE_FAMILY = "1,2";
				TEST_TARGET_NAME = Todo;
			};
			name = Debug;
		};
		9383A8A52B6C37370020C7CE /* Release */ = {
			isa = XCBuildConfiguration;
			buildSettings = {
				ALWAYS_EMBED_SWIFT_STANDARD_LIBRARIES = YES;
				CODE_SIGN_STYLE = Automatic;
				CURRENT_PROJECT_VERSION = 1;
				GENERATE_INFOPLIST_FILE = YES;
				MARKETING_VERSION = 1.0;
				PRODUCT_BUNDLE_IDENTIFIER = com.TodoUITests;
				PRODUCT_NAME = "$(TARGET_NAME)";
				SWIFT_EMIT_LOC_STRINGS = NO;
				SWIFT_VERSION = 5.0;
				TARGETED_DEVICE_FAMILY = "1,2";
				TEST_TARGET_NAME = Todo;
			};
			name = Release;
		};
/* End XCBuildConfiguration section */

/* Begin XCConfigurationList section */
		9383A8742B6C37350020C7CE /* Build configuration list for PBXProject "Todo" */ = {
			isa = XCConfigurationList;
			buildConfigurations = (
				9383A89B2B6C37370020C7CE /* Debug */,
				9383A89C2B6C37370020C7CE /* Release */,
			);
			defaultConfigurationIsVisible = 0;
			defaultConfigurationName = Release;
		};
		9383A89D2B6C37370020C7CE /* Build configuration list for PBXNativeTarget "Todo" */ = {
			isa = XCConfigurationList;
			buildConfigurations = (
				9383A89E2B6C37370020C7CE /* Debug */,
				9383A89F2B6C37370020C7CE /* Release */,
			);
			defaultConfigurationIsVisible = 0;
			defaultConfigurationName = Release;
		};
		9383A8A02B6C37370020C7CE /* Build configuration list for PBXNativeTarget "TodoTests" */ = {
			isa = XCConfigurationList;
			buildConfigurations = (
				9383A8A12B6C37370020C7CE /* Debug */,
				9383A8A22B6C37370020C7CE /* Release */,
			);
			defaultConfigurationIsVisible = 0;
			defaultConfigurationName = Release;
		};
		9383A8A32B6C37370020C7CE /* Build configuration list for PBXNativeTarget "TodoUITests" */ = {
			isa = XCConfigurationList;
			buildConfigurations = (
				9383A8A42B6C37370020C7CE /* Debug */,
				9383A8A52B6C37370020C7CE /* Release */,
			);
			defaultConfigurationIsVisible = 0;
			defaultConfigurationName = Release;
		};
/* End XCConfigurationList section */
	};
	rootObject = 9383A8712B6C37350020C7CE /* Project object */;
}
